// !$*UTF8*$!
{
	archiveVersion = 1;
	classes = {
	};
	objectVersion = 46;
	objects = {

/* Begin PBXBuildFile section */
		D5104C801E551CEF002B80EA /* AppDelegate.swift in Sources */ = {isa = PBXBuildFile; fileRef = D5104C7F1E551CEF002B80EA /* AppDelegate.swift */; };
		D5104C821E551CEF002B80EA /* ViewController.swift in Sources */ = {isa = PBXBuildFile; fileRef = D5104C811E551CEF002B80EA /* ViewController.swift */; };
		D5104C851E551CEF002B80EA /* Main.storyboard in Resources */ = {isa = PBXBuildFile; fileRef = D5104C831E551CEF002B80EA /* Main.storyboard */; };
		D5104C871E551CEF002B80EA /* Assets.xcassets in Resources */ = {isa = PBXBuildFile; fileRef = D5104C861E551CEF002B80EA /* Assets.xcassets */; };
		D5104C8A1E551CEF002B80EA /* LaunchScreen.storyboard in Resources */ = {isa = PBXBuildFile; fileRef = D5104C881E551CEF002B80EA /* LaunchScreen.storyboard */; };
		D5C3F2BE1EC180190012E762 /* KidLearningTests.swift in Sources */ = {isa = PBXBuildFile; fileRef = D5C3F2BD1EC180190012E762 /* KidLearningTests.swift */; };
/* End PBXBuildFile section */

/* Begin PBXContainerItemProxy section */
		D5C3F2C01EC180190012E762 /* PBXContainerItemProxy */ = {
			isa = PBXContainerItemProxy;
			containerPortal = D5104C741E551CEF002B80EA /* Project object */;
			proxyType = 1;
			remoteGlobalIDString = D5104C7B1E551CEF002B80EA;
			remoteInfo = KidLearning;
		};
/* End PBXContainerItemProxy section */

/* Begin PBXFileReference section */
		D5104C7C1E551CEF002B80EA /* KidLearning.app */ = {isa = PBXFileReference; explicitFileType = wrapper.application; includeInIndex = 0; path = KidLearning.app; sourceTree = BUILT_PRODUCTS_DIR; };
		D5104C7F1E551CEF002B80EA /* AppDelegate.swift */ = {isa = PBXFileReference; lastKnownFileType = sourcecode.swift; path = AppDelegate.swift; sourceTree = "<group>"; };
		D5104C811E551CEF002B80EA /* ViewController.swift */ = {isa = PBXFileReference; lastKnownFileType = sourcecode.swift; path = ViewController.swift; sourceTree = "<group>"; };
		D5104C841E551CEF002B80EA /* Base */ = {isa = PBXFileReference; lastKnownFileType = file.storyboard; name = Base; path = Base.lproj/Main.storyboard; sourceTree = "<group>"; };
		D5104C861E551CEF002B80EA /* Assets.xcassets */ = {isa = PBXFileReference; lastKnownFileType = folder.assetcatalog; path = Assets.xcassets; sourceTree = "<group>"; };
		D5104C891E551CEF002B80EA /* Base */ = {isa = PBXFileReference; lastKnownFileType = file.storyboard; name = Base; path = Base.lproj/LaunchScreen.storyboard; sourceTree = "<group>"; };
		D5104C8B1E551CEF002B80EA /* Info.plist */ = {isa = PBXFileReference; lastKnownFileType = text.plist.xml; path = Info.plist; sourceTree = "<group>"; };
		D5C3F2BB1EC180190012E762 /* KidLearningTests.xctest */ = {isa = PBXFileReference; explicitFileType = wrapper.cfbundle; includeInIndex = 0; path = KidLearningTests.xctest; sourceTree = BUILT_PRODUCTS_DIR; };
		D5C3F2BD1EC180190012E762 /* KidLearningTests.swift */ = {isa = PBXFileReference; lastKnownFileType = sourcecode.swift; path = KidLearningTests.swift; sourceTree = "<group>"; };
		D5C3F2BF1EC180190012E762 /* Info.plist */ = {isa = PBXFileReference; lastKnownFileType = text.plist.xml; path = Info.plist; sourceTree = "<group>"; };
/* End PBXFileReference section */

/* Begin PBXFrameworksBuildPhase section */
		D5104C791E551CEF002B80EA /* Frameworks */ = {
			isa = PBXFrameworksBuildPhase;
			buildActionMask = 2147483647;
			files = (
			);
			runOnlyForDeploymentPostprocessing = 0;
		};
		D5C3F2B81EC180190012E762 /* Frameworks */ = {
			isa = PBXFrameworksBuildPhase;
			buildActionMask = 2147483647;
			files = (
			);
			runOnlyForDeploymentPostprocessing = 0;
		};
/* End PBXFrameworksBuildPhase section */

/* Begin PBXGroup section */
		D5104C731E551CEF002B80EA = {
			isa = PBXGroup;
			children = (
				D5104C7E1E551CEF002B80EA /* KidLearning */,
				D5C3F2BC1EC180190012E762 /* KidLearningTests */,
				D5104C7D1E551CEF002B80EA /* Products */,
			);
			sourceTree = "<group>";
		};
		D5104C7D1E551CEF002B80EA /* Products */ = {
			isa = PBXGroup;
			children = (
				D5104C7C1E551CEF002B80EA /* KidLearning.app */,
				D5C3F2BB1EC180190012E762 /* KidLearningTests.xctest */,
			);
			name = Products;
			sourceTree = "<group>";
		};
		D5104C7E1E551CEF002B80EA /* KidLearning */ = {
			isa = PBXGroup;
			children = (
				D5104C7F1E551CEF002B80EA /* AppDelegate.swift */,
				D5104C811E551CEF002B80EA /* ViewController.swift */,
				D5104C831E551CEF002B80EA /* Main.storyboard */,
				D5104C861E551CEF002B80EA /* Assets.xcassets */,
				D5104C881E551CEF002B80EA /* LaunchScreen.storyboard */,
				D5104C8B1E551CEF002B80EA /* Info.plist */,
			);
			path = KidLearning;
			sourceTree = "<group>";
		};
		D5C3F2BC1EC180190012E762 /* KidLearningTests */ = {
			isa = PBXGroup;
			children = (
				D5C3F2BD1EC180190012E762 /* KidLearningTests.swift */,
				D5C3F2BF1EC180190012E762 /* Info.plist */,
			);
			path = KidLearningTests;
			sourceTree = "<group>";
		};
/* End PBXGroup section */

/* Begin PBXNativeTarget section */
		D5104C7B1E551CEF002B80EA /* KidLearning */ = {
			isa = PBXNativeTarget;
			buildConfigurationList = D5104C8E1E551CEF002B80EA /* Build configuration list for PBXNativeTarget "KidLearning" */;
			buildPhases = (
				D5104C781E551CEF002B80EA /* Sources */,
				D5104C791E551CEF002B80EA /* Frameworks */,
				D5104C7A1E551CEF002B80EA /* Resources */,
			);
			buildRules = (
			);
			dependencies = (
			);
			name = KidLearning;
			productName = KidLearning;
			productReference = D5104C7C1E551CEF002B80EA /* KidLearning.app */;
			productType = "com.apple.product-type.application";
		};
		D5C3F2BA1EC180190012E762 /* KidLearningTests */ = {
			isa = PBXNativeTarget;
			buildConfigurationList = D5C3F2C41EC180190012E762 /* Build configuration list for PBXNativeTarget "KidLearningTests" */;
			buildPhases = (
				D5C3F2B71EC180190012E762 /* Sources */,
				D5C3F2B81EC180190012E762 /* Frameworks */,
				D5C3F2B91EC180190012E762 /* Resources */,
			);
			buildRules = (
			);
			dependencies = (
				D5C3F2C11EC180190012E762 /* PBXTargetDependency */,
			);
			name = KidLearningTests;
			productName = KidLearningTests;
			productReference = D5C3F2BB1EC180190012E762 /* KidLearningTests.xctest */;
			productType = "com.apple.product-type.bundle.unit-test";
		};
/* End PBXNativeTarget section */

/* Begin PBXProject section */
		D5104C741E551CEF002B80EA /* Project object */ = {
			isa = PBXProject;
			attributes = {
				LastSwiftUpdateCheck = 0830;
				LastUpgradeCheck = 0820;
				ORGANIZATIONNAME = Home;
				TargetAttributes = {
					D5104C7B1E551CEF002B80EA = {
						CreatedOnToolsVersion = 8.2.1;
						DevelopmentTeam = YMFV22TC2U;
						ProvisioningStyle = Manual;
					};
					D5C3F2BA1EC180190012E762 = {
						CreatedOnToolsVersion = 8.3.2;
						DevelopmentTeam = YMFV22TC2U;
						ProvisioningStyle = Automatic;
						TestTargetID = D5104C7B1E551CEF002B80EA;
					};
				};
			};
			buildConfigurationList = D5104C771E551CEF002B80EA /* Build configuration list for PBXProject "KidLearning" */;
			compatibilityVersion = "Xcode 3.2";
			developmentRegion = English;
			hasScannedForEncodings = 0;
			knownRegions = (
				en,
				Base,
			);
			mainGroup = D5104C731E551CEF002B80EA;
			productRefGroup = D5104C7D1E551CEF002B80EA /* Products */;
			projectDirPath = "";
			projectRoot = "";
			targets = (
				D5104C7B1E551CEF002B80EA /* KidLearning */,
				D5C3F2BA1EC180190012E762 /* KidLearningTests */,
			);
		};
/* End PBXProject section */

/* Begin PBXResourcesBuildPhase section */
		D5104C7A1E551CEF002B80EA /* Resources */ = {
			isa = PBXResourcesBuildPhase;
			buildActionMask = 2147483647;
			files = (
				D5104C8A1E551CEF002B80EA /* LaunchScreen.storyboard in Resources */,
				D5104C871E551CEF002B80EA /* Assets.xcassets in Resources */,
				D5104C851E551CEF002B80EA /* Main.storyboard in Resources */,
			);
			runOnlyForDeploymentPostprocessing = 0;
		};
		D5C3F2B91EC180190012E762 /* Resources */ = {
			isa = PBXResourcesBuildPhase;
			buildActionMask = 2147483647;
			files = (
			);
			runOnlyForDeploymentPostprocessing = 0;
		};
/* End PBXResourcesBuildPhase section */

/* Begin PBXSourcesBuildPhase section */
		D5104C781E551CEF002B80EA /* Sources */ = {
			isa = PBXSourcesBuildPhase;
			buildActionMask = 2147483647;
			files = (
				D5104C821E551CEF002B80EA /* ViewController.swift in Sources */,
				D5104C801E551CEF002B80EA /* AppDelegate.swift in Sources */,
			);
			runOnlyForDeploymentPostprocessing = 0;
		};
		D5C3F2B71EC180190012E762 /* Sources */ = {
			isa = PBXSourcesBuildPhase;
			buildActionMask = 2147483647;
			files = (
				D5C3F2BE1EC180190012E762 /* KidLearningTests.swift in Sources */,
			);
			runOnlyForDeploymentPostprocessing = 0;
		};
/* End PBXSourcesBuildPhase section */

/* Begin PBXTargetDependency section */
		D5C3F2C11EC180190012E762 /* PBXTargetDependency */ = {
			isa = PBXTargetDependency;
			target = D5104C7B1E551CEF002B80EA /* KidLearning */;
			targetProxy = D5C3F2C01EC180190012E762 /* PBXContainerItemProxy */;
		};
/* End PBXTargetDependency section */

/* Begin PBXVariantGroup section */
		D5104C831E551CEF002B80EA /* Main.storyboard */ = {
			isa = PBXVariantGroup;
			children = (
				D5104C841E551CEF002B80EA /* Base */,
			);
			name = Main.storyboard;
			sourceTree = "<group>";
		};
		D5104C881E551CEF002B80EA /* LaunchScreen.storyboard */ = {
			isa = PBXVariantGroup;
			children = (
				D5104C891E551CEF002B80EA /* Base */,
			);
			name = LaunchScreen.storyboard;
			sourceTree = "<group>";
		};
/* End PBXVariantGroup section */

/* Begin XCBuildConfiguration section */
		D5104C8C1E551CEF002B80EA /* Debug */ = {
			isa = XCBuildConfiguration;
			buildSettings = {
				ALWAYS_SEARCH_USER_PATHS = NO;
				CLANG_ANALYZER_NONNULL = YES;
				CLANG_CXX_LANGUAGE_STANDARD = "gnu++0x";
				CLANG_CXX_LIBRARY = "libc++";
				CLANG_ENABLE_MODULES = YES;
				CLANG_ENABLE_OBJC_ARC = YES;
				CLANG_WARN_BOOL_CONVERSION = YES;
				CLANG_WARN_CONSTANT_CONVERSION = YES;
				CLANG_WARN_DIRECT_OBJC_ISA_USAGE = YES_ERROR;
				CLANG_WARN_DOCUMENTATION_COMMENTS = YES;
				CLANG_WARN_EMPTY_BODY = YES;
				CLANG_WARN_ENUM_CONVERSION = YES;
				CLANG_WARN_INFINITE_RECURSION = YES;
				CLANG_WARN_INT_CONVERSION = YES;
				CLANG_WARN_OBJC_ROOT_CLASS = YES_ERROR;
				CLANG_WARN_SUSPICIOUS_MOVE = YES;
				CLANG_WARN_UNREACHABLE_CODE = YES;
				CLANG_WARN__DUPLICATE_METHOD_MATCH = YES;
				"CODE_SIGN_IDENTITY[sdk=iphoneos*]" = "iPhone Developer";
				COPY_PHASE_STRIP = NO;
				DEBUG_INFORMATION_FORMAT = dwarf;
				ENABLE_STRICT_OBJC_MSGSEND = YES;
				ENABLE_TESTABILITY = YES;
				GCC_C_LANGUAGE_STANDARD = gnu99;
				GCC_DYNAMIC_NO_PIC = NO;
				GCC_NO_COMMON_BLOCKS = YES;
				GCC_OPTIMIZATION_LEVEL = 0;
				GCC_PREPROCESSOR_DEFINITIONS = (
					"DEBUG=1",
					"$(inherited)",
				);
				GCC_WARN_64_TO_32_BIT_CONVERSION = YES;
				GCC_WARN_ABOUT_RETURN_TYPE = YES_ERROR;
				GCC_WARN_UNDECLARED_SELECTOR = YES;
				GCC_WARN_UNINITIALIZED_AUTOS = YES_AGGRESSIVE;
				GCC_WARN_UNUSED_FUNCTION = YES;
				GCC_WARN_UNUSED_VARIABLE = YES;
				IPHONEOS_DEPLOYMENT_TARGET = 10.2;
				MTL_ENABLE_DEBUG_INFO = YES;
				ONLY_ACTIVE_ARCH = YES;
				SDKROOT = iphoneos;
				SWIFT_ACTIVE_COMPILATION_CONDITIONS = DEBUG;
				SWIFT_OPTIMIZATION_LEVEL = "-Onone";
			};
			name = Debug;
		};
		D5104C8D1E551CEF002B80EA /* AppStore */ = {
			isa = XCBuildConfiguration;
			buildSettings = {
				ALWAYS_SEARCH_USER_PATHS = NO;
				CLANG_ANALYZER_NONNULL = YES;
				CLANG_CXX_LANGUAGE_STANDARD = "gnu++0x";
				CLANG_CXX_LIBRARY = "libc++";
				CLANG_ENABLE_MODULES = YES;
				CLANG_ENABLE_OBJC_ARC = YES;
				CLANG_WARN_BOOL_CONVERSION = YES;
				CLANG_WARN_CONSTANT_CONVERSION = YES;
				CLANG_WARN_DIRECT_OBJC_ISA_USAGE = YES_ERROR;
				CLANG_WARN_DOCUMENTATION_COMMENTS = YES;
				CLANG_WARN_EMPTY_BODY = YES;
				CLANG_WARN_ENUM_CONVERSION = YES;
				CLANG_WARN_INFINITE_RECURSION = YES;
				CLANG_WARN_INT_CONVERSION = YES;
				CLANG_WARN_OBJC_ROOT_CLASS = YES_ERROR;
				CLANG_WARN_SUSPICIOUS_MOVE = YES;
				CLANG_WARN_UNREACHABLE_CODE = YES;
				CLANG_WARN__DUPLICATE_METHOD_MATCH = YES;
				"CODE_SIGN_IDENTITY[sdk=iphoneos*]" = "iPhone Developer";
				COPY_PHASE_STRIP = NO;
				DEBUG_INFORMATION_FORMAT = "dwarf-with-dsym";
				ENABLE_NS_ASSERTIONS = NO;
				ENABLE_STRICT_OBJC_MSGSEND = YES;
				GCC_C_LANGUAGE_STANDARD = gnu99;
				GCC_NO_COMMON_BLOCKS = YES;
				GCC_WARN_64_TO_32_BIT_CONVERSION = YES;
				GCC_WARN_ABOUT_RETURN_TYPE = YES_ERROR;
				GCC_WARN_UNDECLARED_SELECTOR = YES;
				GCC_WARN_UNINITIALIZED_AUTOS = YES_AGGRESSIVE;
				GCC_WARN_UNUSED_FUNCTION = YES;
				GCC_WARN_UNUSED_VARIABLE = YES;
				IPHONEOS_DEPLOYMENT_TARGET = 10.2;
				MTL_ENABLE_DEBUG_INFO = NO;
				SDKROOT = iphoneos;
				SWIFT_OPTIMIZATION_LEVEL = "-Owholemodule";
				VALIDATE_PRODUCT = YES;
			};
			name = AppStore;
		};
		D5104C8F1E551CEF002B80EA /* Debug */ = {
			isa = XCBuildConfiguration;
			buildSettings = {
				ASSETCATALOG_COMPILER_APPICON_NAME = AppIcon;
				CURRENT_PROJECT_VERSION = 24;
				DEVELOPMENT_TEAM = YMFV22TC2U;
				INFOPLIST_FILE = KidLearning/Info.plist;
				IPHONEOS_DEPLOYMENT_TARGET = 10.3;
				LD_RUNPATH_SEARCH_PATHS = "$(inherited) @executable_path/Frameworks";
				PRODUCT_BUNDLE_IDENTIFIER = "com.lukinfo-studio.KidLearning";
				PRODUCT_NAME = "$(TARGET_NAME)";
				PROVISIONING_PROFILE = "b42497b8-10ec-4a1a-9dc9-dfd68af3665b";
				PROVISIONING_PROFILE_SPECIFIER = Travis_Dev;
				SWIFT_VERSION = 3.0;
			};
			name = Debug;
		};
		D5104C901E551CEF002B80EA /* AppStore */ = {
			isa = XCBuildConfiguration;
			buildSettings = {
				ASSETCATALOG_COMPILER_APPICON_NAME = AppIcon;
				"CODE_SIGN_IDENTITY[sdk=iphoneos*]" = "iPhone Distribution";
				CURRENT_PROJECT_VERSION = 24;
				DEVELOPMENT_TEAM = YMFV22TC2U;
				INFOPLIST_FILE = KidLearning/Info.plist;
				IPHONEOS_DEPLOYMENT_TARGET = 10.3;
				LD_RUNPATH_SEARCH_PATHS = "$(inherited) @executable_path/Frameworks";
				PRODUCT_BUNDLE_IDENTIFIER = "com.lukinfo-studio.KidLearning";
				PRODUCT_NAME = "$(TARGET_NAME)";
				PROVISIONING_PROFILE = "8b9cefe4-fc89-43ed-b50b-3af9f4957ac3";
				PROVISIONING_PROFILE_SPECIFIER = "match AdHoc com.lukinfo-studio.KidLearning";
				SWIFT_VERSION = 3.0;
			};
			name = AppStore;
		};
		D5C3F2C21EC180190012E762 /* Debug */ = {
			isa = XCBuildConfiguration;
			buildSettings = {
				BUNDLE_LOADER = "$(TEST_HOST)";
				CLANG_ANALYZER_NUMBER_OBJECT_CONVERSION = YES_AGGRESSIVE;
				DEVELOPMENT_TEAM = YMFV22TC2U;
				INFOPLIST_FILE = KidLearningTests/Info.plist;
				IPHONEOS_DEPLOYMENT_TARGET = 10.3;
				LD_RUNPATH_SEARCH_PATHS = "$(inherited) @executable_path/Frameworks @loader_path/Frameworks";
				PRODUCT_BUNDLE_IDENTIFIER = com.KidLearningTests;
				PRODUCT_NAME = "$(TARGET_NAME)";
				SWIFT_VERSION = 3.0;
				TEST_HOST = "$(BUILT_PRODUCTS_DIR)/KidLearning.app/KidLearning";
			};
			name = Debug;
		};
		D5C3F2C31EC180190012E762 /* AppStore */ = {
			isa = XCBuildConfiguration;
			buildSettings = {
				BUNDLE_LOADER = "$(TEST_HOST)";
				CLANG_ANALYZER_NUMBER_OBJECT_CONVERSION = YES_AGGRESSIVE;
				DEVELOPMENT_TEAM = YMFV22TC2U;
				INFOPLIST_FILE = KidLearningTests/Info.plist;
				IPHONEOS_DEPLOYMENT_TARGET = 10.3;
				LD_RUNPATH_SEARCH_PATHS = "$(inherited) @executable_path/Frameworks @loader_path/Frameworks";
				PRODUCT_BUNDLE_IDENTIFIER = com.KidLearningTests;
				PRODUCT_NAME = "$(TARGET_NAME)";
				SWIFT_VERSION = 3.0;
				TEST_HOST = "$(BUILT_PRODUCTS_DIR)/KidLearning.app/KidLearning";
			};
			name = AppStore;
		};
		D5C3F2C51EC1A1A80012E762 /* Adhoc */ = {
			isa = XCBuildConfiguration;
			buildSettings = {
				ALWAYS_SEARCH_USER_PATHS = NO;
				CLANG_ANALYZER_NONNULL = YES;
				CLANG_CXX_LANGUAGE_STANDARD = "gnu++0x";
				CLANG_CXX_LIBRARY = "libc++";
				CLANG_ENABLE_MODULES = YES;
				CLANG_ENABLE_OBJC_ARC = YES;
				CLANG_WARN_BOOL_CONVERSION = YES;
				CLANG_WARN_CONSTANT_CONVERSION = YES;
				CLANG_WARN_DIRECT_OBJC_ISA_USAGE = YES_ERROR;
				CLANG_WARN_DOCUMENTATION_COMMENTS = YES;
				CLANG_WARN_EMPTY_BODY = YES;
				CLANG_WARN_ENUM_CONVERSION = YES;
				CLANG_WARN_INFINITE_RECURSION = YES;
				CLANG_WARN_INT_CONVERSION = YES;
				CLANG_WARN_OBJC_ROOT_CLASS = YES_ERROR;
				CLANG_WARN_SUSPICIOUS_MOVE = YES;
				CLANG_WARN_UNREACHABLE_CODE = YES;
				CLANG_WARN__DUPLICATE_METHOD_MATCH = YES;
				"CODE_SIGN_IDENTITY[sdk=iphoneos*]" = "iPhone Developer";
				COPY_PHASE_STRIP = NO;
				DEBUG_INFORMATION_FORMAT = "dwarf-with-dsym";
				ENABLE_NS_ASSERTIONS = NO;
				ENABLE_STRICT_OBJC_MSGSEND = YES;
				GCC_C_LANGUAGE_STANDARD = gnu99;
				GCC_NO_COMMON_BLOCKS = YES;
				GCC_WARN_64_TO_32_BIT_CONVERSION = YES;
				GCC_WARN_ABOUT_RETURN_TYPE = YES_ERROR;
				GCC_WARN_UNDECLARED_SELECTOR = YES;
				GCC_WARN_UNINITIALIZED_AUTOS = YES_AGGRESSIVE;
				GCC_WARN_UNUSED_FUNCTION = YES;
				GCC_WARN_UNUSED_VARIABLE = YES;
				IPHONEOS_DEPLOYMENT_TARGET = 10.2;
				MTL_ENABLE_DEBUG_INFO = NO;
				SDKROOT = iphoneos;
				SWIFT_OPTIMIZATION_LEVEL = "-Owholemodule";
				VALIDATE_PRODUCT = YES;
			};
			name = Adhoc;
		};
		D5C3F2C61EC1A1A80012E762 /* Adhoc */ = {
			isa = XCBuildConfiguration;
			buildSettings = {
				ASSETCATALOG_COMPILER_APPICON_NAME = AppIcon;
				"CODE_SIGN_IDENTITY[sdk=iphoneos*]" = "iPhone Distribution";
				CURRENT_PROJECT_VERSION = 24;
				DEVELOPMENT_TEAM = YMFV22TC2U;
				INFOPLIST_FILE = KidLearning/Info.plist;
				IPHONEOS_DEPLOYMENT_TARGET = 10.3;
				LD_RUNPATH_SEARCH_PATHS = "$(inherited) @executable_path/Frameworks";
				PRODUCT_BUNDLE_IDENTIFIER = "com.lukinfo-studio.KidLearning";
				PRODUCT_NAME = "$(TARGET_NAME)";
				PROVISIONING_PROFILE = "8b9cefe4-fc89-43ed-b50b-3af9f4957ac3";
				PROVISIONING_PROFILE_SPECIFIER = "match AdHoc com.lukinfo-studio.KidLearning";
				SWIFT_VERSION = 3.0;
			};
			name = Adhoc;
		};
		D5C3F2C71EC1A1A80012E762 /* Adhoc */ = {
			isa = XCBuildConfiguration;
			buildSettings = {
				BUNDLE_LOADER = "$(TEST_HOST)";
				CLANG_ANALYZER_NUMBER_OBJECT_CONVERSION = YES_AGGRESSIVE;
				DEVELOPMENT_TEAM = YMFV22TC2U;
				INFOPLIST_FILE = KidLearningTests/Info.plist;
				IPHONEOS_DEPLOYMENT_TARGET = 10.3;
				LD_RUNPATH_SEARCH_PATHS = "$(inherited) @executable_path/Frameworks @loader_path/Frameworks";
				PRODUCT_BUNDLE_IDENTIFIER = com.KidLearningTests;
				PRODUCT_NAME = "$(TARGET_NAME)";
				SWIFT_VERSION = 3.0;
				TEST_HOST = "$(BUILT_PRODUCTS_DIR)/KidLearning.app/KidLearning";
			};
			name = Adhoc;
		};
/* End XCBuildConfiguration section */

/* Begin XCConfigurationList section */
		D5104C771E551CEF002B80EA /* Build configuration list for PBXProject "KidLearning" */ = {
			isa = XCConfigurationList;
			buildConfigurations = (
				D5104C8C1E551CEF002B80EA /* Debug */,
				D5104C8D1E551CEF002B80EA /* AppStore */,
				D5C3F2C51EC1A1A80012E762 /* Adhoc */,
			);
			defaultConfigurationIsVisible = 0;
			defaultConfigurationName = AppStore;
		};
		D5104C8E1E551CEF002B80EA /* Build configuration list for PBXNativeTarget "KidLearning" */ = {
			isa = XCConfigurationList;
			buildConfigurations = (
				D5104C8F1E551CEF002B80EA /* Debug */,
				D5104C901E551CEF002B80EA /* AppStore */,
				D5C3F2C61EC1A1A80012E762 /* Adhoc */,
			);
			defaultConfigurationIsVisible = 0;
			defaultConfigurationName = AppStore;
		};
		D5C3F2C41EC180190012E762 /* Build configuration list for PBXNativeTarget "KidLearningTests" */ = {
			isa = XCConfigurationList;
			buildConfigurations = (
				D5C3F2C21EC180190012E762 /* Debug */,
				D5C3F2C31EC180190012E762 /* AppStore */,
				D5C3F2C71EC1A1A80012E762 /* Adhoc */,
			);
			defaultConfigurationIsVisible = 0;
			defaultConfigurationName = AppStore;
		};
/* End XCConfigurationList section */
	};
	rootObject = D5104C741E551CEF002B80EA /* Project object */;
}
